<?xml version="1.0" encoding="utf-8"?>
<Project ToolsVersion="4.0" xmlns="http://schemas.microsoft.com/developer/msbuild/2003">
  <ItemGroup>
    <Filter Include="00.MainFrm">
      <UniqueIdentifier>{ae167cb2-738c-424a-af42-370122798d0b}</UniqueIdentifier>
    </Filter>
    <Filter Include="01.View">
      <UniqueIdentifier>{e44f4a88-fd14-4777-a075-286ace13de83}</UniqueIdentifier>
    </Filter>
    <Filter Include="99.Default">
      <UniqueIdentifier>{49816f1a-887a-4cc8-b128-32947f0c0754}</UniqueIdentifier>
    </Filter>
    <Filter Include="99.Default\리소스 파일">
      <UniqueIdentifier>{67DA6AB6-F800-4c08-8B7A-83BB121AAD01}</UniqueIdentifier>
      <Extensions>rc;ico;cur;bmp;dlg;rc2;rct;bin;rgs;gif;jpg;jpeg;jpe;resx;tiff;tif;png;wav;mfcribbon-ms</Extensions>
    </Filter>
    <Filter Include="99.Default\소스 파일">
      <UniqueIdentifier>{4FC737F1-C7A5-4376-A066-2A32D752A2FF}</UniqueIdentifier>
      <Extensions>cpp;c;cc;cxx;def;odl;idl;hpj;bat;asm;asmx</Extensions>
    </Filter>
    <Filter Include="99.Default\헤더 파일">
      <UniqueIdentifier>{93995380-89BD-4b04-88EB-625FBE52EBFB}</UniqueIdentifier>
      <Extensions>h;hh;hpp;hxx;hm;inl;inc;xsd</Extensions>
    </Filter>
    <Filter Include="01.View\0.MainView">
      <UniqueIdentifier>{cbf63e70-f0da-496e-aa40-517c6b29f85a}</UniqueIdentifier>
    </Filter>
    <Filter Include="01.View\1.FormView">
      <UniqueIdentifier>{4861352d-da5d-46b5-ac87-2efdf4c29252}</UniqueIdentifier>
    </Filter>
    <Filter Include="00.MainFrm\RenderThread">
      <UniqueIdentifier>{93b15e5a-1c74-49f9-b0b1-185cf339ecc6}</UniqueIdentifier>
    </Filter>
    <Filter Include="02.Manager">
      <UniqueIdentifier>{60c1ce9f-6bbe-465a-9b04-bc921a2c3807}</UniqueIdentifier>
    </Filter>
    <Filter Include="02.Manager\0.Device">
      <UniqueIdentifier>{b170a25c-c04c-4738-b27f-6424f728c718}</UniqueIdentifier>
    </Filter>
    <Filter Include="02.Manager\1.Time">
      <UniqueIdentifier>{0352a97a-af0c-4cb0-a0f7-b471e3279575}</UniqueIdentifier>
    </Filter>
    <Filter Include="03.DXObject">
      <UniqueIdentifier>{c87f9ba2-d625-4269-8454-7998dcc28a88}</UniqueIdentifier>
    </Filter>
    <Filter Include="03.DXObject\0.Texture">
      <UniqueIdentifier>{f5694a75-d583-4531-86a1-1250660d4d03}</UniqueIdentifier>
    </Filter>
    <Filter Include="03.DXObject\1.Sampler">
      <UniqueIdentifier>{94ce23ff-2aae-49f4-9615-353acb8b8b6a}</UniqueIdentifier>
    </Filter>
    <Filter Include="03.DXObject\2.Buffer">
      <UniqueIdentifier>{b6ea6447-81a8-46c8-beda-eff56e106548}</UniqueIdentifier>
    </Filter>
    <Filter Include="03.DXObject\2.Buffer\0.ConstantBuffer">
      <UniqueIdentifier>{eb70aa65-0e0d-4e09-9833-facb81eab8ea}</UniqueIdentifier>
    </Filter>
    <Filter Include="03.DXObject\3.Light">
      <UniqueIdentifier>{df1f3e69-856e-46cc-9d96-b35190dba9e7}</UniqueIdentifier>
    </Filter>
    <Filter Include="03.DXObject\3.Light\0.DirectionaLight">
      <UniqueIdentifier>{c2ab56c7-652b-4bd1-aae5-9795f673cd09}</UniqueIdentifier>
    </Filter>
  </ItemGroup>
  <ItemGroup>
    <Text Include="ReadMe.txt" />
  </ItemGroup>
  <ItemGroup>
    <ClInclude Include="EffectTool.h">
      <Filter>99.Default\헤더 파일</Filter>
    </ClInclude>
    <ClInclude Include="stdafx.h">
      <Filter>99.Default\헤더 파일</Filter>
    </ClInclude>
    <ClInclude Include="targetver.h">
      <Filter>99.Default\헤더 파일</Filter>
    </ClInclude>
    <ClInclude Include="EffectToolDoc.h">
      <Filter>99.Default\헤더 파일</Filter>
    </ClInclude>
    <ClInclude Include="Resource.h">
      <Filter>99.Default\헤더 파일</Filter>
    </ClInclude>
    <ClInclude Include="MainFrm.h">
      <Filter>00.MainFrm</Filter>
    </ClInclude>
    <ClInclude Include="EffectToolView.h">
      <Filter>01.View\0.MainView</Filter>
    </ClInclude>
    <ClInclude Include="MyFormView.h">
      <Filter>01.View\1.FormView</Filter>
    </ClInclude>
    <ClInclude Include="RenderThread.h">
      <Filter>00.MainFrm\RenderThread</Filter>
    </ClInclude>
    <ClInclude Include="Define.h">
      <Filter>99.Default\헤더 파일</Filter>
    </ClInclude>
    <ClInclude Include="IncludeHeader.h">
      <Filter>99.Default\헤더 파일</Filter>
    </ClInclude>
    <ClInclude Include="TimeMgr.h">
      <Filter>02.Manager\1.Time</Filter>
    </ClInclude>
    <ClInclude Include="GraphicDev.h">
      <Filter>02.Manager\0.Device</Filter>
    </ClInclude>
    <ClInclude Include="Texture.h">
      <Filter>03.DXObject\0.Texture</Filter>
    </ClInclude>
    <ClInclude Include="Sampler.h">
      <Filter>03.DXObject\1.Sampler</Filter>
    </ClInclude>
    <ClInclude Include="ConstantBuffer.h">
      <Filter>03.DXObject\2.Buffer\0.ConstantBuffer</Filter>
    </ClInclude>
    <ClInclude Include="Buffer.h">
      <Filter>03.DXObject\2.Buffer</Filter>
    </ClInclude>
    <ClInclude Include="DirectionalLight.h">
      <Filter>03.DXObject\3.Light\0.DirectionaLight</Filter>
    </ClInclude>
    <ClInclude Include="Light.h">
      <Filter>03.DXObject\3.Light</Filter>
    </ClInclude>
  </ItemGroup>
  <ItemGroup>
    <ClCompile Include="EffectTool.cpp">
      <Filter>99.Default\소스 파일</Filter>
    </ClCompile>
    <ClCompile Include="stdafx.cpp">
      <Filter>99.Default\소스 파일</Filter>
    </ClCompile>
    <ClCompile Include="EffectToolDoc.cpp">
      <Filter>99.Default\소스 파일</Filter>
    </ClCompile>
    <ClCompile Include="MainFrm.cpp">
      <Filter>00.MainFrm</Filter>
    </ClCompile>
    <ClCompile Include="EffectToolView.cpp">
      <Filter>01.View\0.MainView</Filter>
    </ClCompile>
    <ClCompile Include="MyFormView.cpp">
      <Filter>01.View\1.FormView</Filter>
    </ClCompile>
    <ClCompile Include="RenderThread.cpp">
      <Filter>00.MainFrm\RenderThread</Filter>
    </ClCompile>
    <ClCompile Include="TimeMgr.cpp">
      <Filter>02.Manager\1.Time</Filter>
    </ClCompile>
    <ClCompile Include="GraphicDev.cpp">
      <Filter>02.Manager\0.Device</Filter>
    </ClCompile>
    <ClCompile Include="Texture.cpp">
      <Filter>03.DXObject\0.Texture</Filter>
    </ClCompile>
    <ClCompile Include="Sampler.cpp">
      <Filter>03.DXObject\1.Sampler</Filter>
    </ClCompile>
    <ClCompile Include="ConstantBuffer.cpp">
      <Filter>03.DXObject\2.Buffer\0.ConstantBuffer</Filter>
    </ClCompile>
    <ClCompile Include="Buffer.cpp">
      <Filter>03.DXObject\2.Buffer</Filter>
    </ClCompile>
    <ClCompile Include="DirectionalLight.cpp">
      <Filter>03.DXObject\3.Light\0.DirectionaLight</Filter>
    </ClCompile>
    <ClCompile Include="Light.cpp">
      <Filter>03.DXObject\3.Light</Filter>
    </ClCompile>
  </ItemGroup>
  <ItemGroup>
    <ResourceCompile Include="EffectTool.rc">
      <Filter>99.Default\리소스 파일</Filter>
    </ResourceCompile>
  </ItemGroup>
  <ItemGroup>
    <Image Include="UserImages.bmp">
      <Filter>99.Default\리소스 파일</Filter>
    </Image>
    <Image Include="res\EffectToolDoc.ico">
      <Filter>99.Default\리소스 파일</Filter>
    </Image>
    <Image Include="res\EffectTool.ico">
      <Filter>99.Default\리소스 파일</Filter>
    </Image>
    <Image Include="res\Toolbar.bmp">
      <Filter>99.Default\리소스 파일</Filter>
    </Image>
    <Image Include="res\Toolbar256.bmp">
      <Filter>99.Default\리소스 파일</Filter>
    </Image>
  </ItemGroup>
  <ItemGroup>
    <None Include="res\EffectTool.rc2">
      <Filter>99.Default\리소스 파일</Filter>
    </None>
  </ItemGroup>
</Project>